{
  "name": "FHEVoting",
  "lockfileVersion": 3,
  "requires": true,
  "packages": {
    "": {
      "devDependencies": {
        "@fhevm/hardhat-plugin": "^0.0.1-0",
        "@fhevm/mock-utils": "^0.0.1-0",
        "@fhevm/solidity": "^0.7.0",
        "@zama-fhe/oracle-solidity": "^0.0.4-0"
      }
    },
    "node_modules/@fhevm/core-contracts": {
      "version": "0.7.0-12",
      "resolved": "https://registry.npmjs.org/@fhevm/core-contracts/-/core-contracts-0.7.0-12.tgz",
      "integrity": "sha512-2dXrV8VJaVuXNED37f+/xl1puIQX5FWlCPrsjae2eGZqiOrnoMi8hvN4OaTo2jv41TWEYhbqSN9C9yvlE7aLnA==",
      "dev": true,
      "license": "BSD-3-Clause",
      "dependencies": {
        "encrypted-types": "^0.0.4"
      },
      "optionalDependencies": {
        "solidity-comments-darwin-arm64": "0.1.1",
        "solidity-comments-linux-x64-gnu": "0.1.1"
      }
    },
    "node_modules/@fhevm/hardhat-plugin": {
      "version": "0.0.1-0",
      "resolved": "https://registry.npmjs.org/@fhevm/hardhat-plugin/-/hardhat-plugin-0.0.1-0.tgz",
      "integrity": "sha512-5VYjp/PQPy2dRIcNznmLWXzVVFhnh+epz92POHn4HIFzz3r33jzexfSOJICUku0QFIpjHbrW0ocII8eoNPFEgQ==",
      "dev": true,
      "license": "BSD-3-Clause-Clear",
      "dependencies": {
        "@fhevm/core-contracts": "^0.7.0-9",
        "debug": "^4.1.1",
        "dotenv": "^16.5.0",
        "picocolors": "^1.1.1",
        "resolve": "^1.22.10"
      },
      "engines": {
        "node": ">=20",
        "npm": ">=7.0.0"
      },
      "peerDependencies": {
        "@fhevm/mock-utils": "0.0.1-0",
        "@fhevm/solidity": "^0.7.0-4",
        "@nomicfoundation/hardhat-ethers": "^3.0.8",
        "@nomicfoundation/hardhat-network-helpers": "^1.0.12",
        "@zama-fhe/oracle-solidity": "^0.0.4-0",
        "@zama-fhe/relayer-sdk": "^0.1.0-4",
        "ethers": "^6.1.0",
        "hardhat": "^2.0.0"
      }
    },
    "node_modules/@fhevm/mock-utils": {
      "version": "0.0.1-0",
      "resolved": "https://registry.npmjs.org/@fhevm/mock-utils/-/mock-utils-0.0.1-0.tgz",
      "integrity": "sha512-eHd5zk59p8CHHXm8TbpuaLhPn1jOU5+w1Cz9etfo+pyErFWfGJlVX9MBanmJzv8Km/ojFtQrp9i3irk08r9/Fg==",
      "dev": true,
      "license": "BSD-3-Clause-Clear",
      "peerDependencies": {
        "@zama-fhe/relayer-sdk": "^0.1.0-4",
        "ethers": "^6.1.0",
        "typescript": ">=5.0.4"
      },
      "peerDependenciesMeta": {
        "typescript": {
          "optional": true
        }
      }
    },
    "node_modules/@fhevm/solidity": {
      "version": "0.7.0",
      "resolved": "https://registry.npmjs.org/@fhevm/solidity/-/solidity-0.7.0.tgz",
      "integrity": "sha512-WCS/QEA9qQSzISUfDm/jq24ZGykXq1OTzsT3flEkrO69MPoXOf0EufmrbKC6D6TeHw3KqOxlQY3XsXW4mtVc8w==",
      "dev": true,
      "license": "BSD-3-Clause-Clear",
      "dependencies": {
        "encrypted-types": "^0.0.4"
      },
      "engines": {
        "node": ">=20.0.0"
      },
      "optionalDependencies": {
        "solidity-comments-darwin-arm64": "0.1.1",
        "solidity-comments-linux-x64-gnu": "0.1.1"
      }
    },
    "node_modules/@openzeppelin/contracts-upgradeable": {
      "version": "5.4.0",
      "resolved": "https://registry.npmjs.org/@openzeppelin/contracts-upgradeable/-/contracts-upgradeable-5.4.0.tgz",
      "integrity": "sha512-STJKyDzUcYuB35Zub1JpWW58JxvrFFVgQ+Ykdr8A9PGXgtq/obF5uoh07k2XmFyPxfnZdPdBdhkJ/n2YxJ87HQ==",
      "dev": true,
      "license": "MIT",
      "peerDependencies": {
        "@openzeppelin/contracts": "5.4.0"
      }
    },
    "node_modules/@zama-fhe/oracle-solidity": {
      "version": "0.0.4-0",
      "resolved": "https://registry.npmjs.org/@zama-fhe/oracle-solidity/-/oracle-solidity-0.0.4-0.tgz",
      "integrity": "sha512-0Zd0suetfA5Yad/IDzP8ZGhaJgAC+70I0q9MUjjg+JrEQwRlmySDx6T6SNCCSKevDUL5Eelnu3el5mTPqK3sLw==",
      "dev": true,
      "license": "BSD-3-Clause",
      "dependencies": {
        "@openzeppelin/contracts-upgradeable": "^5.0.2"
      }
    },
    "node_modules/debug": {
      "version": "4.4.1",
      "resolved": "https://registry.npmjs.org/debug/-/debug-4.4.1.tgz",
      "integrity": "sha512-KcKCqiftBJcZr++7ykoDIEwSa3XWowTfNPo92BYxjXiyYEVrUQh2aLyhxBCwww+heortUFxEJYcRzosstTEBYQ==",
      "dev": true,
      "license": "MIT",
      "dependencies": {
        "ms": "^2.1.3"
      },
      "engines": {
        "node": ">=6.0"
      },
      "peerDependenciesMeta": {
        "supports-color": {
          "optional": true
        }
      }
    },
    "node_modules/dotenv": {
      "version": "16.6.1",
      "resolved": "https://registry.npmjs.org/dotenv/-/dotenv-16.6.1.tgz",
      "integrity": "sha512-uBq4egWHTcTt33a72vpSG0z3HnPuIl6NqYcTrKEg2azoEyl2hpW0zqlxysq2pK9HlDIHyHyakeYaYnSAwd8bow==",
      "dev": true,
      "license": "BSD-2-Clause",
      "engines": {
        "node": ">=12"
      },
      "funding": {
        "url": "https://dotenvx.com"
      }
    },
    "node_modules/encrypted-types": {
      "version": "0.0.4",
      "resolved": "https://registry.npmjs.org/encrypted-types/-/encrypted-types-0.0.4.tgz",
      "integrity": "sha512-f55ccBBUwvqWqr3ymAVOLZ6bzjsSQZlDN0GcKFmzkvTpml4Vm3Y6BCaHhCuW/ctrabTJJ3DFnUsjtFOpokJUaQ==",
      "dev": true,
      "license": "MIT"
    },
    "node_modules/function-bind": {
      "version": "1.1.2",
      "resolved": "https://registry.npmjs.org/function-bind/-/function-bind-1.1.2.tgz",
      "integrity": "sha512-7XHNxH7qX9xG5mIwxkhumTox/MIRNcOgDrxWsMt2pAr23WHp6MrRlN7FBSFpCpr+oVO0F744iUgR82nJMfG2SA==",
      "dev": true,
      "license": "MIT",
      "funding": {
        "url": "https://github.com/sponsors/ljharb"
      }
    },
    "node_modules/hasown": {
      "version": "2.0.2",
      "resolved": "https://registry.npmjs.org/hasown/-/hasown-2.0.2.tgz",
      "integrity": "sha512-0hJU9SCPvmMzIBdZFqNPXWa6dqh7WdH0cII9y+CyS8rG3nL48Bclra9HmKhVVUHyPWNH5Y7xDwAB7bfgSjkUMQ==",
      "dev": true,
      "license": "MIT",
      "dependencies": {
        "function-bind": "^1.1.2"
      },
      "engines": {
        "node": ">= 0.4"
      }
    },
    "node_modules/is-core-module": {
      "version": "2.16.1",
      "resolved": "https://registry.npmjs.org/is-core-module/-/is-core-module-2.16.1.tgz",
      "integrity": "sha512-UfoeMA6fIJ8wTYFEUjelnaGI67v6+N7qXJEvQuIGa99l4xsCruSYOVSQ0uPANn4dAzm8lkYPaKLrrijLq7x23w==",
      "dev": true,
      "license": "MIT",
      "dependencies": {
        "hasown": "^2.0.2"
      },
      "engines": {
        "node": ">= 0.4"
      },
      "funding": {
        "url": "https://github.com/sponsors/ljharb"
      }
    },
    "node_modules/ms": {
      "version": "2.1.3",
      "resolved": "https://registry.npmjs.org/ms/-/ms-2.1.3.tgz",
      "integrity": "sha512-6FlzubTLZG3J2a/NVCAleEhjzq5oxgHyaCU9yYXvcLsvoVaHJq/s5xXI6/XXP6tz7R9xAOtHnSO/tXtF3WRTlA==",
      "dev": true,
      "license": "MIT"
    },
    "node_modules/path-parse": {
      "version": "1.0.7",
      "resolved": "https://registry.npmjs.org/path-parse/-/path-parse-1.0.7.tgz",
      "integrity": "sha512-LDJzPVEEEPR+y48z93A0Ed0yXb8pAByGWo/k5YYdYgpY2/2EsOsksJrq7lOHxryrVOn1ejG6oAp8ahvOIQD8sw==",
      "dev": true,
      "license": "MIT"
    },
    "node_modules/picocolors": {
      "version": "1.1.1",
      "resolved": "https://registry.npmjs.org/picocolors/-/picocolors-1.1.1.tgz",
      "integrity": "sha512-xceH2snhtb5M9liqDsmEw56le376mTZkEX/jEb/RxNFyegNul7eNslCXP9FDj/Lcu0X8KEyMceP2ntpaHrDEVA==",
      "dev": true,
      "license": "ISC"
    },
    "node_modules/resolve": {
      "version": "1.22.10",
      "resolved": "https://registry.npmjs.org/resolve/-/resolve-1.22.10.tgz",
      "integrity": "sha512-NPRy+/ncIMeDlTAsuqwKIiferiawhefFJtkNSW0qZJEqMEb+qBt/77B/jGeeek+F0uOeN05CDa6HXbbIgtVX4w==",
      "dev": true,
      "license": "MIT",
      "dependencies": {
        "is-core-module": "^2.16.0",
        "path-parse": "^1.0.7",
        "supports-preserve-symlinks-flag": "^1.0.0"
      },
      "bin": {
        "resolve": "bin/resolve"
      },
      "engines": {
        "node": ">= 0.4"
      },
      "funding": {
        "url": "https://github.com/sponsors/ljharb"
      }
    },
    "node_modules/solidity-comments-darwin-arm64": {
      "version": "0.1.1",
      "resolved": "https://registry.npmjs.org/solidity-comments-darwin-arm64/-/solidity-comments-darwin-arm64-0.1.1.tgz",
      "integrity": "sha512-ze1+YboHm8tRJXCoFEsxtU1gpvQ3rCH55xMtBH6dtyh1/gz4qrKCOUBaAP+IHplbzCacZBn+Pz3UmMDOoGshRw==",
      "cpu": [
        "arm64"
      ],
      "dev": true,
      "license": "MIT",
      "optional": true,
      "os": [
        "darwin"
      ],
      "engines": {
        "node": ">= 10"
      }
    },
    "node_modules/solidity-comments-linux-x64-gnu": {
      "version": "0.1.1",
      "resolved": "https://registry.npmjs.org/solidity-comments-linux-x64-gnu/-/solidity-comments-linux-x64-gnu-0.1.1.tgz",
      "integrity": "sha512-oiU4yhh1Q9SeGXQ+/sogfTNoOkU8I8IvlIeotBQziTOonUHrxQk4E63kNiYGPDn5ZbB3BhKFmGHNRNrkufsxcQ==",
      "cpu": [
        "x64"
      ],
      "dev": true,
      "license": "MIT",
      "optional": true,
      "os": [
        "linux"
      ],
      "engines": {
        "node": ">= 10"
      }
    },
    "node_modules/supports-preserve-symlinks-flag": {
      "version": "1.0.0",
      "resolved": "https://registry.npmjs.org/supports-preserve-symlinks-flag/-/supports-preserve-symlinks-flag-1.0.0.tgz",
      "integrity": "sha512-ot0WnXS9fgdkgIcePe6RHNk1WA8+muPa6cSjeR3V8K27q9BB1rTE3R1p7Hv0z1ZyAc8s6Vvv8DIyWf681MAt0w==",
      "dev": true,
      "license": "MIT",
      "engines": {
        "node": ">= 0.4"
      },
      "funding": {
        "url": "https://github.com/sponsors/ljharb"
      }
    }
  }
}
